
Microsoft Visual Studio Solution File, Format Version 12.00
# Visual Studio Version 16
VisualStudioVersion = 16.0.34301.259
MinimumVisualStudioVersion = 10.0.40219.1
Project("{FAE04EC0-301F-11D3-BF4B-00C04F79EFBC}") = "WpfApp1", "WpfApp1\WpfApp1.csproj", "{DB8FA022-24C0-4F4E-A8D9-005A453E3C1A}"
EndProject
Global
	GlobalSection(SolutionConfigurationPlatforms) = preSolution
		Debug|Any CPU = Debug|Any CPU
		Release|Any CPU = Release|Any CPU
	EndGlobalSection
	GlobalSection(ProjectConfigurationPlatforms) = postSolution
		{DB8FA022-24C0-4F4E-A8D9-005A453E3C1A}.Debug|Any CPU.ActiveCfg = Debug|Any CPU
		{DB8FA022-24C0-4F4E-A8D9-005A453E3C1A}.Debug|Any CPU.Build.0 = Debug|Any CPU
		{DB8FA022-24C0-4F4E-A8D9-005A453E3C1A}.Release|Any CPU.ActiveCfg = Release|Any CPU
		{DB8FA022-24C0-4F4E-A8D9-005A453E3C1A}.Release|Any CPU.Build.0 = Release|Any CPU
	EndGlobalSection
	GlobalSection(SolutionProperties) = preSolution
		HideSolutionNode = FALSE
	EndGlobalSection
	GlobalSection(ExtensibilityGlobals) = postSolution
		SolutionGuid = {02ED99F4-1BFB-49D0-98F2-06A7954E17DB}
	EndGlobalSection
EndGlobal
